# This file was autogenerated by uv via the following command:
#    uv pip compile pyproject.toml --universal -o uv.lock
ansible-core==2.19.3
    # via malpanez-security (pyproject.toml)
cffi==2.0.0 ; platform_python_implementation != 'PyPy'
    # via cryptography
cryptography==46.0.3
    # via ansible-core
jinja2==3.1.6
    # via ansible-core
markupsafe==3.0.3
    # via jinja2
packaging==25.0
    # via ansible-core
pycparser==2.23 ; implementation_name != 'PyPy' and platform_python_implementation != 'PyPy'
    # via cffi
pyyaml==6.0.3
    # via ansible-core
resolvelib==1.2.1
    # via ansible-core
